
Microsoft Visual Studio Solution File, Format Version 12.00
# Visual Studio Version 17
VisualStudioVersion = 17.0.32014.148
MinimumVisualStudioVersion = 10.0.40219.1
Project("{9A19103F-16F7-4668-BE54-9A1E7A4F7556}") = "BalanceManagement", "BalanceManagement\BalanceManagement.csproj", "{8C66B5F9-9304-421B-B34A-949DEF51B124}"
EndProject
Project("{9A19103F-16F7-4668-BE54-9A1E7A4F7556}") = "ServiceModels", "ServiceModels\ServiceModels.csproj", "{5DFD6BDA-5F14-4A84-8A68-7443D9811868}"
EndProject
Project("{9A19103F-16F7-4668-BE54-9A1E7A4F7556}") = "Service", "Service\Service.csproj", "{84C55B5A-EC13-495A-82D3-51767492EB23}"
EndProject
Project("{FAE04EC0-301F-11D3-BF4B-00C04F79EFBC}") = "GameServiceTest", "GameServiceTest\GameServiceTest.csproj", "{D4A1BC9E-C4D0-45CB-AF0D-FF2F66128316}"
EndProject
Global
	GlobalSection(SolutionConfigurationPlatforms) = preSolution
		Debug|Any CPU = Debug|Any CPU
		Release|Any CPU = Release|Any CPU
	EndGlobalSection
	GlobalSection(ProjectConfigurationPlatforms) = postSolution
		{8C66B5F9-9304-421B-B34A-949DEF51B124}.Debug|Any CPU.ActiveCfg = Debug|Any CPU
		{8C66B5F9-9304-421B-B34A-949DEF51B124}.Debug|Any CPU.Build.0 = Debug|Any CPU
		{8C66B5F9-9304-421B-B34A-949DEF51B124}.Release|Any CPU.ActiveCfg = Release|Any CPU
		{8C66B5F9-9304-421B-B34A-949DEF51B124}.Release|Any CPU.Build.0 = Release|Any CPU
		{5DFD6BDA-5F14-4A84-8A68-7443D9811868}.Debug|Any CPU.ActiveCfg = Debug|Any CPU
		{5DFD6BDA-5F14-4A84-8A68-7443D9811868}.Debug|Any CPU.Build.0 = Debug|Any CPU
		{5DFD6BDA-5F14-4A84-8A68-7443D9811868}.Release|Any CPU.ActiveCfg = Release|Any CPU
		{5DFD6BDA-5F14-4A84-8A68-7443D9811868}.Release|Any CPU.Build.0 = Release|Any CPU
		{84C55B5A-EC13-495A-82D3-51767492EB23}.Debug|Any CPU.ActiveCfg = Debug|Any CPU
		{84C55B5A-EC13-495A-82D3-51767492EB23}.Debug|Any CPU.Build.0 = Debug|Any CPU
		{84C55B5A-EC13-495A-82D3-51767492EB23}.Release|Any CPU.ActiveCfg = Release|Any CPU
		{84C55B5A-EC13-495A-82D3-51767492EB23}.Release|Any CPU.Build.0 = Release|Any CPU
		{D4A1BC9E-C4D0-45CB-AF0D-FF2F66128316}.Debug|Any CPU.ActiveCfg = Debug|Any CPU
		{D4A1BC9E-C4D0-45CB-AF0D-FF2F66128316}.Debug|Any CPU.Build.0 = Debug|Any CPU
		{D4A1BC9E-C4D0-45CB-AF0D-FF2F66128316}.Release|Any CPU.ActiveCfg = Release|Any CPU
		{D4A1BC9E-C4D0-45CB-AF0D-FF2F66128316}.Release|Any CPU.Build.0 = Release|Any CPU
	EndGlobalSection
	GlobalSection(SolutionProperties) = preSolution
		HideSolutionNode = FALSE
	EndGlobalSection
	GlobalSection(ExtensibilityGlobals) = postSolution
		SolutionGuid = {9EB91A52-16D4-43C7-8BCD-C15B9C31F8AC}
	EndGlobalSection
EndGlobal
